
Microsoft Visual Studio Solution File, Format Version 12.00
# Visual Studio Version 16
VisualStudioVersion = 16.0.28803.156
MinimumVisualStudioVersion = 10.0.40219.1
Project("{8BC9CEB8-8B4A-11D0-8D11-00A0C91BC942}") = "SnakeGame", "SnakeGame\SnakeGame.vcxproj", "{38E2B75A-74CF-4D91-AFCB-CCEBE8D27403}"
EndProject
Global
	GlobalSection(SolutionConfigurationPlatforms) = preSolution
		Debug|x64 = Debug|x64
		Debug|x86 = Debug|x86
		Release|x64 = Release|x64
		Release|x86 = Release|x86
	EndGlobalSection
	GlobalSection(ProjectConfigurationPlatforms) = postSolution
		{38E2B75A-74CF-4D91-AFCB-CCEBE8D27403}.Debug|x64.ActiveCfg = Debug|x64
		{38E2B75A-74CF-4D91-AFCB-CCEBE8D27403}.Debug|x64.Build.0 = Debug|x64
		{38E2B75A-74CF-4D91-AFCB-CCEBE8D27403}.Debug|x86.ActiveCfg = Debug|Win32
		{38E2B75A-74CF-4D91-AFCB-CCEBE8D27403}.Debug|x86.Build.0 = Debug|Win32
		{38E2B75A-74CF-4D91-AFCB-CCEBE8D27403}.Release|x64.ActiveCfg = Release|x64
		{38E2B75A-74CF-4D91-AFCB-CCEBE8D27403}.Release|x64.Build.0 = Release|x64
		{38E2B75A-74CF-4D91-AFCB-CCEBE8D27403}.Release|x86.ActiveCfg = Release|Win32
		{38E2B75A-74CF-4D91-AFCB-CCEBE8D27403}.Release|x86.Build.0 = Release|Win32
	EndGlobalSection
	GlobalSection(SolutionProperties) = preSolution
		HideSolutionNode = FALSE
	EndGlobalSection
	GlobalSection(ExtensibilityGlobals) = postSolution
		SolutionGuid = {039967D8-D007-48CC-96D8-63795A3B8D11}
	EndGlobalSection
EndGlobal
